
Microsoft Visual Studio Solution File, Format Version 12.00
# Visual Studio Version 17
VisualStudioVersion = 17.9.34728.123
MinimumVisualStudioVersion = 10.0.40219.1
Project("{FAE04EC0-301F-11D3-BF4B-00C04F79EFBC}") = "Web2", "Web2\Web2.csproj", "{6048DE64-C3B4-4820-92A5-D50FB5B7553A}"
EndProject
Global
	GlobalSection(SolutionConfigurationPlatforms) = preSolution
		Debug|Any CPU = Debug|Any CPU
		Release|Any CPU = Release|Any CPU
	EndGlobalSection
	GlobalSection(ProjectConfigurationPlatforms) = postSolution
		{6048DE64-C3B4-4820-92A5-D50FB5B7553A}.Debug|Any CPU.ActiveCfg = Debug|Any CPU
		{6048DE64-C3B4-4820-92A5-D50FB5B7553A}.Debug|Any CPU.Build.0 = Debug|Any CPU
		{6048DE64-C3B4-4820-92A5-D50FB5B7553A}.Release|Any CPU.ActiveCfg = Release|Any CPU
		{6048DE64-C3B4-4820-92A5-D50FB5B7553A}.Release|Any CPU.Build.0 = Release|Any CPU
	EndGlobalSection
	GlobalSection(SolutionProperties) = preSolution
		HideSolutionNode = FALSE
	EndGlobalSection
	GlobalSection(ExtensibilityGlobals) = postSolution
		SolutionGuid = {E9BB29C3-616B-4EFC-8A0D-FD8FC5A41B05}
	EndGlobalSection
EndGlobal
